
Microsoft Visual Studio Solution File, Format Version 12.00
# Visual Studio Version 17
VisualStudioVersion = 17.2.32630.192
MinimumVisualStudioVersion = 10.0.40219.1
Project("{FAE04EC0-301F-11D3-BF4B-00C04F79EFBC}") = "JCode", "JCode\JCode.csproj", "{1D599CF6-70C1-47DA-9E0E-B2230F9C837F}"
EndProject
Global
	GlobalSection(SolutionConfigurationPlatforms) = preSolution
		Debug|Any CPU = Debug|Any CPU
		Release|Any CPU = Release|Any CPU
	EndGlobalSection
	GlobalSection(ProjectConfigurationPlatforms) = postSolution
		{1D599CF6-70C1-47DA-9E0E-B2230F9C837F}.Debug|Any CPU.ActiveCfg = Debug|Any CPU
		{1D599CF6-70C1-47DA-9E0E-B2230F9C837F}.Debug|Any CPU.Build.0 = Debug|Any CPU
		{1D599CF6-70C1-47DA-9E0E-B2230F9C837F}.Release|Any CPU.ActiveCfg = Release|Any CPU
		{1D599CF6-70C1-47DA-9E0E-B2230F9C837F}.Release|Any CPU.Build.0 = Release|Any CPU
	EndGlobalSection
	GlobalSection(SolutionProperties) = preSolution
		HideSolutionNode = FALSE
	EndGlobalSection
	GlobalSection(ExtensibilityGlobals) = postSolution
		SolutionGuid = {FCF584C8-7808-4DAB-B398-35582D8F9D06}
	EndGlobalSection
EndGlobal
